
Microsoft Visual Studio Solution File, Format Version 12.00
# Visual Studio Version 16
VisualStudioVersion = 16.0.28922.388
MinimumVisualStudioVersion = 15.0.26124.0
Project("{9A19103F-16F7-4668-BE54-9A1E7A4F7556}") = "SkeletonGame.Models", "src\SkeletonGame.Models\SkeletonGame.Models.csproj", "{11B594F9-D994-4F17-A86B-D5018E7AC8BA}"
EndProject
Project("{9A19103F-16F7-4668-BE54-9A1E7A4F7556}") = "SkeletonGame.Engine", "src\SkeletonGame.Engine\SkeletonGame.Engine.csproj", "{83B1D193-9535-4C9F-8CFF-2889BCFBE21B}"
EndProject
Project("{9A19103F-16F7-4668-BE54-9A1E7A4F7556}") = "SGM2.Tests", "src\Tests\SGM2.Tests\SGM2.Tests.csproj", "{6DA81654-A1A8-4058-AAB2-B9751A3B6E0F}"
EndProject
Project("{9A19103F-16F7-4668-BE54-9A1E7A4F7556}") = "OSCforSTD", "src\OSCforSTD\OSCforSTD.csproj", "{62725ECD-3FD3-43D7-B3DF-EBE5166710A3}"
EndProject
Project("{FAE04EC0-301F-11D3-BF4B-00C04F79EFBC}") = "SGM2.Wpf", "src\SGM2.Wpf\SGM2.Wpf.csproj", "{234CAAE8-2A59-4B73-A2AE-7368155D4733}"
EndProject
Project("{2150E333-8FDC-42A3-9474-1A3956D46DE8}") = "PrismModules", "PrismModules", "{B5D4F814-2578-44DB-BA92-D00D81C5B813}"
EndProject
Project("{FAE04EC0-301F-11D3-BF4B-00C04F79EFBC}") = "SkeletonGameManager.Base", "src\PrismModules\SkeletonGameManager.Base\SkeletonGameManager.Base.csproj", "{BE479251-3B5F-4138-A6CD-5C3701C1FE8E}"
EndProject
Project("{FAE04EC0-301F-11D3-BF4B-00C04F79EFBC}") = "SkeletonGameManager.Module.Assets", "src\PrismModules\SkeletonGameManager.Module.Assets\SkeletonGameManager.Module.Assets.csproj", "{D2D0CEDA-AD0D-4652-99F5-7CF6949FFA87}"
EndProject
Project("{FAE04EC0-301F-11D3-BF4B-00C04F79EFBC}") = "SkeletonGameManager.Module.Config", "src\PrismModules\SkeletonGameManager.Module.Config\SkeletonGameManager.Module.Config.csproj", "{0FD93FC7-FA0A-4119-AB3F-0D77218E828B}"
EndProject
Project("{FAE04EC0-301F-11D3-BF4B-00C04F79EFBC}") = "SkeletonGameManager.Module.LogViewer", "src\PrismModules\SkeletonGameManager.Module.LogViewer\SkeletonGameManager.Module.LogViewer.csproj", "{06EDB6C9-924F-4611-B4DD-A3BA56B9E7FD}"
EndProject
Project("{FAE04EC0-301F-11D3-BF4B-00C04F79EFBC}") = "SkeletonGameManager.Module.Menus", "src\PrismModules\SkeletonGameManager.Module.Menus\SkeletonGameManager.Module.Menus.csproj", "{9439EE15-2360-4006-801B-7207648BFA2C}"
EndProject
Project("{FAE04EC0-301F-11D3-BF4B-00C04F79EFBC}") = "SkeletonGameManager.Module.Recordings", "src\PrismModules\SkeletonManager.Module.Recordings\SkeletonGameManager.Module.Recordings.csproj", "{84DF587A-E917-419D-9902-DB61E2D073CD}"
EndProject
Project("{FAE04EC0-301F-11D3-BF4B-00C04F79EFBC}") = "SkeletonGameManager.Module.SceneGrab", "src\PrismModules\SkeletonGameManager.Module.SceneGrab\SkeletonGameManager.Module.SceneGrab.csproj", "{7F3090F9-152D-478E-84BB-BAD4454B0255}"
EndProject
Project("{FAE04EC0-301F-11D3-BF4B-00C04F79EFBC}") = "SkeletonGameManager.Module.SceneManage", "src\PrismModules\SkeletonGameManager.Module.SceneManage\SkeletonGameManager.Module.SceneManage.csproj", "{DE6D7034-570D-4AAF-BDBE-9BB2EF0730BE}"
EndProject
Project("{FAE04EC0-301F-11D3-BF4B-00C04F79EFBC}") = "SkeletonGameManager.Module.Services", "src\PrismModules\SkeletonGameManager.Module.Services\SkeletonGameManager.Module.Services.csproj", "{C46A910E-E5C2-4A31-9ED7-4720236DF0F2}"
EndProject
Project("{FAE04EC0-301F-11D3-BF4B-00C04F79EFBC}") = "FFMpegSharp", "src\Module\FFMpegSharp\FFMpegSharp.csproj", "{5CEC6504-BD25-45D0-830C-A2162F4AAD12}"
EndProject
Project("{FAE04EC0-301F-11D3-BF4B-00C04F79EFBC}") = "SkeletonGameManager.Resources", "src\SkeletonGameManager.Resources\SkeletonGameManager.Resources.csproj", "{CE1E49C2-EC38-4853-B807-CA94248A1780}"
EndProject
Project("{2150E333-8FDC-42A3-9474-1A3956D46DE8}") = "Modules", "Modules", "{65150FF1-51A0-4C21-B6A9-28348603885E}"
EndProject
Project("{2150E333-8FDC-42A3-9474-1A3956D46DE8}") = "Tests", "Tests", "{39B7FF08-B676-4BDB-B188-CDC90D10EDDB}"
EndProject
Global
	GlobalSection(SolutionConfigurationPlatforms) = preSolution
		Debug|Any CPU = Debug|Any CPU
		Debug|x64 = Debug|x64
		Debug|x86 = Debug|x86
		Release|Any CPU = Release|Any CPU
		Release|x64 = Release|x64
		Release|x86 = Release|x86
	EndGlobalSection
	GlobalSection(ProjectConfigurationPlatforms) = postSolution
		{11B594F9-D994-4F17-A86B-D5018E7AC8BA}.Debug|Any CPU.ActiveCfg = Debug|Any CPU
		{11B594F9-D994-4F17-A86B-D5018E7AC8BA}.Debug|Any CPU.Build.0 = Debug|Any CPU
		{11B594F9-D994-4F17-A86B-D5018E7AC8BA}.Debug|x64.ActiveCfg = Debug|Any CPU
		{11B594F9-D994-4F17-A86B-D5018E7AC8BA}.Debug|x64.Build.0 = Debug|Any CPU
		{11B594F9-D994-4F17-A86B-D5018E7AC8BA}.Debug|x86.ActiveCfg = Debug|Any CPU
		{11B594F9-D994-4F17-A86B-D5018E7AC8BA}.Debug|x86.Build.0 = Debug|Any CPU
		{11B594F9-D994-4F17-A86B-D5018E7AC8BA}.Release|Any CPU.ActiveCfg = Release|Any CPU
		{11B594F9-D994-4F17-A86B-D5018E7AC8BA}.Release|Any CPU.Build.0 = Release|Any CPU
		{11B594F9-D994-4F17-A86B-D5018E7AC8BA}.Release|x64.ActiveCfg = Release|Any CPU
		{11B594F9-D994-4F17-A86B-D5018E7AC8BA}.Release|x64.Build.0 = Release|Any CPU
		{11B594F9-D994-4F17-A86B-D5018E7AC8BA}.Release|x86.ActiveCfg = Release|Any CPU
		{11B594F9-D994-4F17-A86B-D5018E7AC8BA}.Release|x86.Build.0 = Release|Any CPU
		{83B1D193-9535-4C9F-8CFF-2889BCFBE21B}.Debug|Any CPU.ActiveCfg = Debug|Any CPU
		{83B1D193-9535-4C9F-8CFF-2889BCFBE21B}.Debug|Any CPU.Build.0 = Debug|Any CPU
		{83B1D193-9535-4C9F-8CFF-2889BCFBE21B}.Debug|x64.ActiveCfg = Debug|Any CPU
		{83B1D193-9535-4C9F-8CFF-2889BCFBE21B}.Debug|x64.Build.0 = Debug|Any CPU
		{83B1D193-9535-4C9F-8CFF-2889BCFBE21B}.Debug|x86.ActiveCfg = Debug|Any CPU
		{83B1D193-9535-4C9F-8CFF-2889BCFBE21B}.Debug|x86.Build.0 = Debug|Any CPU
		{83B1D193-9535-4C9F-8CFF-2889BCFBE21B}.Release|Any CPU.ActiveCfg = Release|Any CPU
		{83B1D193-9535-4C9F-8CFF-2889BCFBE21B}.Release|Any CPU.Build.0 = Release|Any CPU
		{83B1D193-9535-4C9F-8CFF-2889BCFBE21B}.Release|x64.ActiveCfg = Release|Any CPU
		{83B1D193-9535-4C9F-8CFF-2889BCFBE21B}.Release|x64.Build.0 = Release|Any CPU
		{83B1D193-9535-4C9F-8CFF-2889BCFBE21B}.Release|x86.ActiveCfg = Release|Any CPU
		{83B1D193-9535-4C9F-8CFF-2889BCFBE21B}.Release|x86.Build.0 = Release|Any CPU
		{6DA81654-A1A8-4058-AAB2-B9751A3B6E0F}.Debug|Any CPU.ActiveCfg = Debug|Any CPU
		{6DA81654-A1A8-4058-AAB2-B9751A3B6E0F}.Debug|Any CPU.Build.0 = Debug|Any CPU
		{6DA81654-A1A8-4058-AAB2-B9751A3B6E0F}.Debug|x64.ActiveCfg = Debug|Any CPU
		{6DA81654-A1A8-4058-AAB2-B9751A3B6E0F}.Debug|x64.Build.0 = Debug|Any CPU
		{6DA81654-A1A8-4058-AAB2-B9751A3B6E0F}.Debug|x86.ActiveCfg = Debug|Any CPU
		{6DA81654-A1A8-4058-AAB2-B9751A3B6E0F}.Debug|x86.Build.0 = Debug|Any CPU
		{6DA81654-A1A8-4058-AAB2-B9751A3B6E0F}.Release|Any CPU.ActiveCfg = Release|Any CPU
		{6DA81654-A1A8-4058-AAB2-B9751A3B6E0F}.Release|Any CPU.Build.0 = Release|Any CPU
		{6DA81654-A1A8-4058-AAB2-B9751A3B6E0F}.Release|x64.ActiveCfg = Release|Any CPU
		{6DA81654-A1A8-4058-AAB2-B9751A3B6E0F}.Release|x64.Build.0 = Release|Any CPU
		{6DA81654-A1A8-4058-AAB2-B9751A3B6E0F}.Release|x86.ActiveCfg = Release|Any CPU
		{6DA81654-A1A8-4058-AAB2-B9751A3B6E0F}.Release|x86.Build.0 = Release|Any CPU
		{62725ECD-3FD3-43D7-B3DF-EBE5166710A3}.Debug|Any CPU.ActiveCfg = Debug|Any CPU
		{62725ECD-3FD3-43D7-B3DF-EBE5166710A3}.Debug|Any CPU.Build.0 = Debug|Any CPU
		{62725ECD-3FD3-43D7-B3DF-EBE5166710A3}.Debug|x64.ActiveCfg = Debug|Any CPU
		{62725ECD-3FD3-43D7-B3DF-EBE5166710A3}.Debug|x64.Build.0 = Debug|Any CPU
		{62725ECD-3FD3-43D7-B3DF-EBE5166710A3}.Debug|x86.ActiveCfg = Debug|Any CPU
		{62725ECD-3FD3-43D7-B3DF-EBE5166710A3}.Debug|x86.Build.0 = Debug|Any CPU
		{62725ECD-3FD3-43D7-B3DF-EBE5166710A3}.Release|Any CPU.ActiveCfg = Release|Any CPU
		{62725ECD-3FD3-43D7-B3DF-EBE5166710A3}.Release|Any CPU.Build.0 = Release|Any CPU
		{62725ECD-3FD3-43D7-B3DF-EBE5166710A3}.Release|x64.ActiveCfg = Release|Any CPU
		{62725ECD-3FD3-43D7-B3DF-EBE5166710A3}.Release|x64.Build.0 = Release|Any CPU
		{62725ECD-3FD3-43D7-B3DF-EBE5166710A3}.Release|x86.ActiveCfg = Release|Any CPU
		{62725ECD-3FD3-43D7-B3DF-EBE5166710A3}.Release|x86.Build.0 = Release|Any CPU
		{234CAAE8-2A59-4B73-A2AE-7368155D4733}.Debug|Any CPU.ActiveCfg = Debug|Any CPU
		{234CAAE8-2A59-4B73-A2AE-7368155D4733}.Debug|Any CPU.Build.0 = Debug|Any CPU
		{234CAAE8-2A59-4B73-A2AE-7368155D4733}.Debug|x64.ActiveCfg = Debug|Any CPU
		{234CAAE8-2A59-4B73-A2AE-7368155D4733}.Debug|x64.Build.0 = Debug|Any CPU
		{234CAAE8-2A59-4B73-A2AE-7368155D4733}.Debug|x86.ActiveCfg = Debug|Any CPU
		{234CAAE8-2A59-4B73-A2AE-7368155D4733}.Debug|x86.Build.0 = Debug|Any CPU
		{234CAAE8-2A59-4B73-A2AE-7368155D4733}.Release|Any CPU.ActiveCfg = Release|Any CPU
		{234CAAE8-2A59-4B73-A2AE-7368155D4733}.Release|Any CPU.Build.0 = Release|Any CPU
		{234CAAE8-2A59-4B73-A2AE-7368155D4733}.Release|x64.ActiveCfg = Release|Any CPU
		{234CAAE8-2A59-4B73-A2AE-7368155D4733}.Release|x64.Build.0 = Release|Any CPU
		{234CAAE8-2A59-4B73-A2AE-7368155D4733}.Release|x86.ActiveCfg = Release|Any CPU
		{234CAAE8-2A59-4B73-A2AE-7368155D4733}.Release|x86.Build.0 = Release|Any CPU
		{BE479251-3B5F-4138-A6CD-5C3701C1FE8E}.Debug|Any CPU.ActiveCfg = Debug|Any CPU
		{BE479251-3B5F-4138-A6CD-5C3701C1FE8E}.Debug|Any CPU.Build.0 = Debug|Any CPU
		{BE479251-3B5F-4138-A6CD-5C3701C1FE8E}.Debug|x64.ActiveCfg = Debug|Any CPU
		{BE479251-3B5F-4138-A6CD-5C3701C1FE8E}.Debug|x64.Build.0 = Debug|Any CPU
		{BE479251-3B5F-4138-A6CD-5C3701C1FE8E}.Debug|x86.ActiveCfg = Debug|Any CPU
		{BE479251-3B5F-4138-A6CD-5C3701C1FE8E}.Debug|x86.Build.0 = Debug|Any CPU
		{BE479251-3B5F-4138-A6CD-5C3701C1FE8E}.Release|Any CPU.ActiveCfg = Release|Any CPU
		{BE479251-3B5F-4138-A6CD-5C3701C1FE8E}.Release|Any CPU.Build.0 = Release|Any CPU
		{BE479251-3B5F-4138-A6CD-5C3701C1FE8E}.Release|x64.ActiveCfg = Release|Any CPU
		{BE479251-3B5F-4138-A6CD-5C3701C1FE8E}.Release|x64.Build.0 = Release|Any CPU
		{BE479251-3B5F-4138-A6CD-5C3701C1FE8E}.Release|x86.ActiveCfg = Release|Any CPU
		{BE479251-3B5F-4138-A6CD-5C3701C1FE8E}.Release|x86.Build.0 = Release|Any CPU
		{D2D0CEDA-AD0D-4652-99F5-7CF6949FFA87}.Debug|Any CPU.ActiveCfg = Debug|Any CPU
		{D2D0CEDA-AD0D-4652-99F5-7CF6949FFA87}.Debug|Any CPU.Build.0 = Debug|Any CPU
		{D2D0CEDA-AD0D-4652-99F5-7CF6949FFA87}.Debug|x64.ActiveCfg = Debug|Any CPU
		{D2D0CEDA-AD0D-4652-99F5-7CF6949FFA87}.Debug|x64.Build.0 = Debug|Any CPU
		{D2D0CEDA-AD0D-4652-99F5-7CF6949FFA87}.Debug|x86.ActiveCfg = Debug|Any CPU
		{D2D0CEDA-AD0D-4652-99F5-7CF6949FFA87}.Debug|x86.Build.0 = Debug|Any CPU
		{D2D0CEDA-AD0D-4652-99F5-7CF6949FFA87}.Release|Any CPU.ActiveCfg = Release|Any CPU
		{D2D0CEDA-AD0D-4652-99F5-7CF6949FFA87}.Release|Any CPU.Build.0 = Release|Any CPU
		{D2D0CEDA-AD0D-4652-99F5-7CF6949FFA87}.Release|x64.ActiveCfg = Release|Any CPU
		{D2D0CEDA-AD0D-4652-99F5-7CF6949FFA87}.Release|x64.Build.0 = Release|Any CPU
		{D2D0CEDA-AD0D-4652-99F5-7CF6949FFA87}.Release|x86.ActiveCfg = Release|Any CPU
		{D2D0CEDA-AD0D-4652-99F5-7CF6949FFA87}.Release|x86.Build.0 = Release|Any CPU
		{0FD93FC7-FA0A-4119-AB3F-0D77218E828B}.Debug|Any CPU.ActiveCfg = Debug|Any CPU
		{0FD93FC7-FA0A-4119-AB3F-0D77218E828B}.Debug|Any CPU.Build.0 = Debug|Any CPU
		{0FD93FC7-FA0A-4119-AB3F-0D77218E828B}.Debug|x64.ActiveCfg = Debug|Any CPU
		{0FD93FC7-FA0A-4119-AB3F-0D77218E828B}.Debug|x64.Build.0 = Debug|Any CPU
		{0FD93FC7-FA0A-4119-AB3F-0D77218E828B}.Debug|x86.ActiveCfg = Debug|Any CPU
		{0FD93FC7-FA0A-4119-AB3F-0D77218E828B}.Debug|x86.Build.0 = Debug|Any CPU
		{0FD93FC7-FA0A-4119-AB3F-0D77218E828B}.Release|Any CPU.ActiveCfg = Release|Any CPU
		{0FD93FC7-FA0A-4119-AB3F-0D77218E828B}.Release|Any CPU.Build.0 = Release|Any CPU
		{0FD93FC7-FA0A-4119-AB3F-0D77218E828B}.Release|x64.ActiveCfg = Release|Any CPU
		{0FD93FC7-FA0A-4119-AB3F-0D77218E828B}.Release|x64.Build.0 = Release|Any CPU
		{0FD93FC7-FA0A-4119-AB3F-0D77218E828B}.Release|x86.ActiveCfg = Release|Any CPU
		{0FD93FC7-FA0A-4119-AB3F-0D77218E828B}.Release|x86.Build.0 = Release|Any CPU
		{06EDB6C9-924F-4611-B4DD-A3BA56B9E7FD}.Debug|Any CPU.ActiveCfg = Debug|Any CPU
		{06EDB6C9-924F-4611-B4DD-A3BA56B9E7FD}.Debug|Any CPU.Build.0 = Debug|Any CPU
		{06EDB6C9-924F-4611-B4DD-A3BA56B9E7FD}.Debug|x64.ActiveCfg = Debug|Any CPU
		{06EDB6C9-924F-4611-B4DD-A3BA56B9E7FD}.Debug|x64.Build.0 = Debug|Any CPU
		{06EDB6C9-924F-4611-B4DD-A3BA56B9E7FD}.Debug|x86.ActiveCfg = Debug|Any CPU
		{06EDB6C9-924F-4611-B4DD-A3BA56B9E7FD}.Debug|x86.Build.0 = Debug|Any CPU
		{06EDB6C9-924F-4611-B4DD-A3BA56B9E7FD}.Release|Any CPU.ActiveCfg = Release|Any CPU
		{06EDB6C9-924F-4611-B4DD-A3BA56B9E7FD}.Release|Any CPU.Build.0 = Release|Any CPU
		{06EDB6C9-924F-4611-B4DD-A3BA56B9E7FD}.Release|x64.ActiveCfg = Release|Any CPU
		{06EDB6C9-924F-4611-B4DD-A3BA56B9E7FD}.Release|x64.Build.0 = Release|Any CPU
		{06EDB6C9-924F-4611-B4DD-A3BA56B9E7FD}.Release|x86.ActiveCfg = Release|Any CPU
		{06EDB6C9-924F-4611-B4DD-A3BA56B9E7FD}.Release|x86.Build.0 = Release|Any CPU
		{9439EE15-2360-4006-801B-7207648BFA2C}.Debug|Any CPU.ActiveCfg = Debug|Any CPU
		{9439EE15-2360-4006-801B-7207648BFA2C}.Debug|Any CPU.Build.0 = Debug|Any CPU
		{9439EE15-2360-4006-801B-7207648BFA2C}.Debug|x64.ActiveCfg = Debug|Any CPU
		{9439EE15-2360-4006-801B-7207648BFA2C}.Debug|x64.Build.0 = Debug|Any CPU
		{9439EE15-2360-4006-801B-7207648BFA2C}.Debug|x86.ActiveCfg = Debug|Any CPU
		{9439EE15-2360-4006-801B-7207648BFA2C}.Debug|x86.Build.0 = Debug|Any CPU
		{9439EE15-2360-4006-801B-7207648BFA2C}.Release|Any CPU.ActiveCfg = Release|Any CPU
		{9439EE15-2360-4006-801B-7207648BFA2C}.Release|Any CPU.Build.0 = Release|Any CPU
		{9439EE15-2360-4006-801B-7207648BFA2C}.Release|x64.ActiveCfg = Release|Any CPU
		{9439EE15-2360-4006-801B-7207648BFA2C}.Release|x64.Build.0 = Release|Any CPU
		{9439EE15-2360-4006-801B-7207648BFA2C}.Release|x86.ActiveCfg = Release|Any CPU
		{9439EE15-2360-4006-801B-7207648BFA2C}.Release|x86.Build.0 = Release|Any CPU
		{84DF587A-E917-419D-9902-DB61E2D073CD}.Debug|Any CPU.ActiveCfg = Debug|Any CPU
		{84DF587A-E917-419D-9902-DB61E2D073CD}.Debug|Any CPU.Build.0 = Debug|Any CPU
		{84DF587A-E917-419D-9902-DB61E2D073CD}.Debug|x64.ActiveCfg = Debug|Any CPU
		{84DF587A-E917-419D-9902-DB61E2D073CD}.Debug|x64.Build.0 = Debug|Any CPU
		{84DF587A-E917-419D-9902-DB61E2D073CD}.Debug|x86.ActiveCfg = Debug|Any CPU
		{84DF587A-E917-419D-9902-DB61E2D073CD}.Debug|x86.Build.0 = Debug|Any CPU
		{84DF587A-E917-419D-9902-DB61E2D073CD}.Release|Any CPU.ActiveCfg = Release|Any CPU
		{84DF587A-E917-419D-9902-DB61E2D073CD}.Release|Any CPU.Build.0 = Release|Any CPU
		{84DF587A-E917-419D-9902-DB61E2D073CD}.Release|x64.ActiveCfg = Release|Any CPU
		{84DF587A-E917-419D-9902-DB61E2D073CD}.Release|x64.Build.0 = Release|Any CPU
		{84DF587A-E917-419D-9902-DB61E2D073CD}.Release|x86.ActiveCfg = Release|Any CPU
		{84DF587A-E917-419D-9902-DB61E2D073CD}.Release|x86.Build.0 = Release|Any CPU
		{7F3090F9-152D-478E-84BB-BAD4454B0255}.Debug|Any CPU.ActiveCfg = Debug|Any CPU
		{7F3090F9-152D-478E-84BB-BAD4454B0255}.Debug|Any CPU.Build.0 = Debug|Any CPU
		{7F3090F9-152D-478E-84BB-BAD4454B0255}.Debug|x64.ActiveCfg = Debug|Any CPU
		{7F3090F9-152D-478E-84BB-BAD4454B0255}.Debug|x64.Build.0 = Debug|Any CPU
		{7F3090F9-152D-478E-84BB-BAD4454B0255}.Debug|x86.ActiveCfg = Debug|Any CPU
		{7F3090F9-152D-478E-84BB-BAD4454B0255}.Debug|x86.Build.0 = Debug|Any CPU
		{7F3090F9-152D-478E-84BB-BAD4454B0255}.Release|Any CPU.ActiveCfg = Release|Any CPU
		{7F3090F9-152D-478E-84BB-BAD4454B0255}.Release|Any CPU.Build.0 = Release|Any CPU
		{7F3090F9-152D-478E-84BB-BAD4454B0255}.Release|x64.ActiveCfg = Release|Any CPU
		{7F3090F9-152D-478E-84BB-BAD4454B0255}.Release|x64.Build.0 = Release|Any CPU
		{7F3090F9-152D-478E-84BB-BAD4454B0255}.Release|x86.ActiveCfg = Release|Any CPU
		{7F3090F9-152D-478E-84BB-BAD4454B0255}.Release|x86.Build.0 = Release|Any CPU
		{DE6D7034-570D-4AAF-BDBE-9BB2EF0730BE}.Debug|Any CPU.ActiveCfg = Debug|Any CPU
		{DE6D7034-570D-4AAF-BDBE-9BB2EF0730BE}.Debug|Any CPU.Build.0 = Debug|Any CPU
		{DE6D7034-570D-4AAF-BDBE-9BB2EF0730BE}.Debug|x64.ActiveCfg = Debug|Any CPU
		{DE6D7034-570D-4AAF-BDBE-9BB2EF0730BE}.Debug|x64.Build.0 = Debug|Any CPU
		{DE6D7034-570D-4AAF-BDBE-9BB2EF0730BE}.Debug|x86.ActiveCfg = Debug|Any CPU
		{DE6D7034-570D-4AAF-BDBE-9BB2EF0730BE}.Debug|x86.Build.0 = Debug|Any CPU
		{DE6D7034-570D-4AAF-BDBE-9BB2EF0730BE}.Release|Any CPU.ActiveCfg = Release|Any CPU
		{DE6D7034-570D-4AAF-BDBE-9BB2EF0730BE}.Release|Any CPU.Build.0 = Release|Any CPU
		{DE6D7034-570D-4AAF-BDBE-9BB2EF0730BE}.Release|x64.ActiveCfg = Release|Any CPU
		{DE6D7034-570D-4AAF-BDBE-9BB2EF0730BE}.Release|x64.Build.0 = Release|Any CPU
		{DE6D7034-570D-4AAF-BDBE-9BB2EF0730BE}.Release|x86.ActiveCfg = Release|Any CPU
		{DE6D7034-570D-4AAF-BDBE-9BB2EF0730BE}.Release|x86.Build.0 = Release|Any CPU
		{C46A910E-E5C2-4A31-9ED7-4720236DF0F2}.Debug|Any CPU.ActiveCfg = Debug|Any CPU
		{C46A910E-E5C2-4A31-9ED7-4720236DF0F2}.Debug|Any CPU.Build.0 = Debug|Any CPU
		{C46A910E-E5C2-4A31-9ED7-4720236DF0F2}.Debug|x64.ActiveCfg = Debug|Any CPU
		{C46A910E-E5C2-4A31-9ED7-4720236DF0F2}.Debug|x64.Build.0 = Debug|Any CPU
		{C46A910E-E5C2-4A31-9ED7-4720236DF0F2}.Debug|x86.ActiveCfg = Debug|Any CPU
		{C46A910E-E5C2-4A31-9ED7-4720236DF0F2}.Debug|x86.Build.0 = Debug|Any CPU
		{C46A910E-E5C2-4A31-9ED7-4720236DF0F2}.Release|Any CPU.ActiveCfg = Release|Any CPU
		{C46A910E-E5C2-4A31-9ED7-4720236DF0F2}.Release|Any CPU.Build.0 = Release|Any CPU
		{C46A910E-E5C2-4A31-9ED7-4720236DF0F2}.Release|x64.ActiveCfg = Release|Any CPU
		{C46A910E-E5C2-4A31-9ED7-4720236DF0F2}.Release|x64.Build.0 = Release|Any CPU
		{C46A910E-E5C2-4A31-9ED7-4720236DF0F2}.Release|x86.ActiveCfg = Release|Any CPU
		{C46A910E-E5C2-4A31-9ED7-4720236DF0F2}.Release|x86.Build.0 = Release|Any CPU
		{5CEC6504-BD25-45D0-830C-A2162F4AAD12}.Debug|Any CPU.ActiveCfg = Debug|Any CPU
		{5CEC6504-BD25-45D0-830C-A2162F4AAD12}.Debug|Any CPU.Build.0 = Debug|Any CPU
		{5CEC6504-BD25-45D0-830C-A2162F4AAD12}.Debug|x64.ActiveCfg = Debug|Any CPU
		{5CEC6504-BD25-45D0-830C-A2162F4AAD12}.Debug|x64.Build.0 = Debug|Any CPU
		{5CEC6504-BD25-45D0-830C-A2162F4AAD12}.Debug|x86.ActiveCfg = Debug|Any CPU
		{5CEC6504-BD25-45D0-830C-A2162F4AAD12}.Debug|x86.Build.0 = Debug|Any CPU
		{5CEC6504-BD25-45D0-830C-A2162F4AAD12}.Release|Any CPU.ActiveCfg = Release|Any CPU
		{5CEC6504-BD25-45D0-830C-A2162F4AAD12}.Release|Any CPU.Build.0 = Release|Any CPU
		{5CEC6504-BD25-45D0-830C-A2162F4AAD12}.Release|x64.ActiveCfg = Release|Any CPU
		{5CEC6504-BD25-45D0-830C-A2162F4AAD12}.Release|x64.Build.0 = Release|Any CPU
		{5CEC6504-BD25-45D0-830C-A2162F4AAD12}.Release|x86.ActiveCfg = Release|Any CPU
		{5CEC6504-BD25-45D0-830C-A2162F4AAD12}.Release|x86.Build.0 = Release|Any CPU
		{CE1E49C2-EC38-4853-B807-CA94248A1780}.Debug|Any CPU.ActiveCfg = Debug|Any CPU
		{CE1E49C2-EC38-4853-B807-CA94248A1780}.Debug|Any CPU.Build.0 = Debug|Any CPU
		{CE1E49C2-EC38-4853-B807-CA94248A1780}.Debug|x64.ActiveCfg = Debug|Any CPU
		{CE1E49C2-EC38-4853-B807-CA94248A1780}.Debug|x64.Build.0 = Debug|Any CPU
		{CE1E49C2-EC38-4853-B807-CA94248A1780}.Debug|x86.ActiveCfg = Debug|Any CPU
		{CE1E49C2-EC38-4853-B807-CA94248A1780}.Debug|x86.Build.0 = Debug|Any CPU
		{CE1E49C2-EC38-4853-B807-CA94248A1780}.Release|Any CPU.ActiveCfg = Release|Any CPU
		{CE1E49C2-EC38-4853-B807-CA94248A1780}.Release|Any CPU.Build.0 = Release|Any CPU
		{CE1E49C2-EC38-4853-B807-CA94248A1780}.Release|x64.ActiveCfg = Release|Any CPU
		{CE1E49C2-EC38-4853-B807-CA94248A1780}.Release|x64.Build.0 = Release|Any CPU
		{CE1E49C2-EC38-4853-B807-CA94248A1780}.Release|x86.ActiveCfg = Release|Any CPU
		{CE1E49C2-EC38-4853-B807-CA94248A1780}.Release|x86.Build.0 = Release|Any CPU
	EndGlobalSection
	GlobalSection(SolutionProperties) = preSolution
		HideSolutionNode = FALSE
	EndGlobalSection
	GlobalSection(NestedProjects) = preSolution
		{83B1D193-9535-4C9F-8CFF-2889BCFBE21B} = {65150FF1-51A0-4C21-B6A9-28348603885E}
		{6DA81654-A1A8-4058-AAB2-B9751A3B6E0F} = {39B7FF08-B676-4BDB-B188-CDC90D10EDDB}
		{62725ECD-3FD3-43D7-B3DF-EBE5166710A3} = {65150FF1-51A0-4C21-B6A9-28348603885E}
		{BE479251-3B5F-4138-A6CD-5C3701C1FE8E} = {B5D4F814-2578-44DB-BA92-D00D81C5B813}
		{D2D0CEDA-AD0D-4652-99F5-7CF6949FFA87} = {B5D4F814-2578-44DB-BA92-D00D81C5B813}
		{0FD93FC7-FA0A-4119-AB3F-0D77218E828B} = {B5D4F814-2578-44DB-BA92-D00D81C5B813}
		{06EDB6C9-924F-4611-B4DD-A3BA56B9E7FD} = {B5D4F814-2578-44DB-BA92-D00D81C5B813}
		{9439EE15-2360-4006-801B-7207648BFA2C} = {B5D4F814-2578-44DB-BA92-D00D81C5B813}
		{84DF587A-E917-419D-9902-DB61E2D073CD} = {B5D4F814-2578-44DB-BA92-D00D81C5B813}
		{7F3090F9-152D-478E-84BB-BAD4454B0255} = {B5D4F814-2578-44DB-BA92-D00D81C5B813}
		{DE6D7034-570D-4AAF-BDBE-9BB2EF0730BE} = {B5D4F814-2578-44DB-BA92-D00D81C5B813}
		{C46A910E-E5C2-4A31-9ED7-4720236DF0F2} = {B5D4F814-2578-44DB-BA92-D00D81C5B813}
		{5CEC6504-BD25-45D0-830C-A2162F4AAD12} = {65150FF1-51A0-4C21-B6A9-28348603885E}
	EndGlobalSection
	GlobalSection(ExtensibilityGlobals) = postSolution
		SolutionGuid = {4A0B440A-46F2-4072-AADD-BFC3BC26E4A4}
	EndGlobalSection
EndGlobal
