
Microsoft Visual Studio Solution File, Format Version 12.00
# Visual Studio 15
VisualStudioVersion = 15.0.27130.2027
MinimumVisualStudioVersion = 10.0.40219.1
Project("{2150E333-8FDC-42A3-9474-1A3956D46DE8}") = "UI", "UI", "{C0262CA2-636D-47CE-8D00-EE53F241C2C4}"
EndProject
Project("{2150E333-8FDC-42A3-9474-1A3956D46DE8}") = "Models", "Models", "{2DFF1626-0C73-4223-8B73-F89DBE9BD7DB}"
EndProject
Project("{2150E333-8FDC-42A3-9474-1A3956D46DE8}") = "Tests", "Tests", "{D8C31603-4030-4A21-8C95-4AA8760BE8C5}"
EndProject
Project("{2150E333-8FDC-42A3-9474-1A3956D46DE8}") = "Modules", "Modules", "{C94260DC-5E56-41FB-86DD-AE12DBA2A14D}"
EndProject
Project("{FAE04EC0-301F-11D3-BF4B-00C04F79EFBC}") = "SkeletonGameManager.WPF", "UI\SkeletonGameManager.WPF\SkeletonGameManager.WPF.csproj", "{99C9E82C-C594-446D-AA59-8FFBC43AD226}"
EndProject
Project("{9A19103F-16F7-4668-BE54-9A1E7A4F7556}") = "SkeletonGame.Models", "Models\SkeletonGame.Models\SkeletonGame.Models.csproj", "{47F8BAD2-2140-493D-AB7D-E4F99734A69F}"
EndProject
Project("{9A19103F-16F7-4668-BE54-9A1E7A4F7556}") = "SkeletonGame.Engine", "Modules\SkeletonGame.Engine\SkeletonGame.Engine.csproj", "{798CAD91-B4BD-4B70-8B70-436B23CB99BE}"
EndProject
Project("{9A19103F-16F7-4668-BE54-9A1E7A4F7556}") = "SkeletonGame.Tests", "Tests\SkeletonGame.Tests\SkeletonGame.Tests.csproj", "{CF89487C-3166-4F78-BB96-63C93EC42723}"
EndProject
Project("{FAE04EC0-301F-11D3-BF4B-00C04F79EFBC}") = "SkeletonGameManager.Resources", "UI\SkeletonGameManager.Resources\SkeletonGameManager.Resources.csproj", "{CE1E49C2-EC38-4853-B807-CA94248A1780}"
EndProject
Project("{FAE04EC0-301F-11D3-BF4B-00C04F79EFBC}") = "FFMpegSharp", "Module\FFMpegSharp\FFMpegSharp.csproj", "{5CEC6504-BD25-45D0-830C-A2162F4AAD12}"
EndProject
Project("{9A19103F-16F7-4668-BE54-9A1E7A4F7556}") = "OSCforSTD", "Modules\OSCforPCL-master\OSCforSTD\OSCforSTD.csproj", "{744172B5-FA69-4C00-831E-DF4B304A0C92}"
EndProject
Project("{D954291E-2A0B-460D-934E-DC6B0785DB48}") = "SkeletonGameManager.Shared", "UI\SkeletonGameManager.Shared\SkeletonGameManager.Shared.shproj", "{DE4AF3B2-14A2-4189-95D7-C5BD6DD54FD6}"
EndProject
Project("{FAE04EC0-301F-11D3-BF4B-00C04F79EFBC}") = "SkeletonGameManager.Module.Assets", "UI\SkeletonGameManager.Module.Assets\SkeletonGameManager.Module.Assets.csproj", "{D2D0CEDA-AD0D-4652-99F5-7CF6949FFA87}"
EndProject
Project("{FAE04EC0-301F-11D3-BF4B-00C04F79EFBC}") = "SkeletonGameManager.Module.Services", "UI\SkeletonGameManager.Module.Services\SkeletonGameManager.Module.Services.csproj", "{C46A910E-E5C2-4A31-9ED7-4720236DF0F2}"
EndProject
Project("{FAE04EC0-301F-11D3-BF4B-00C04F79EFBC}") = "SkeletonGameManager.Base", "UI\SkeletonGameManager.Base\SkeletonGameManager.Base.csproj", "{BE479251-3B5F-4138-A6CD-5C3701C1FE8E}"
EndProject
Project("{FAE04EC0-301F-11D3-BF4B-00C04F79EFBC}") = "SkeletonGameManager.Module.Config", "UI\SkeletonGameManager.Module.Config\SkeletonGameManager.Module.Config.csproj", "{0FD93FC7-FA0A-4119-AB3F-0D77218E828B}"
EndProject
Project("{FAE04EC0-301F-11D3-BF4B-00C04F79EFBC}") = "SkeletonGameManager.Module.Recordings", "UI\SkeletonManager.Module.Recordings\SkeletonGameManager.Module.Recordings.csproj", "{84DF587A-E917-419D-9902-DB61E2D073CD}"
EndProject
Project("{FAE04EC0-301F-11D3-BF4B-00C04F79EFBC}") = "SkeletonGameManager.Module.SceneGrab", "UI\SkeletonGameManager.Module.SceneGrab\SkeletonGameManager.Module.SceneGrab.csproj", "{7F3090F9-152D-478E-84BB-BAD4454B0255}"
EndProject
Project("{FAE04EC0-301F-11D3-BF4B-00C04F79EFBC}") = "SkeletonGameManager.Module.SceneManage", "UI\SkeletonGameManager.Module.SceneManage\SkeletonGameManager.Module.SceneManage.csproj", "{DE6D7034-570D-4AAF-BDBE-9BB2EF0730BE}"
EndProject
Project("{FAE04EC0-301F-11D3-BF4B-00C04F79EFBC}") = "SkeletonGameManager.Module.Menus", "UI\SkeletonGameManager.Module.Menus\SkeletonGameManager.Module.Menus.csproj", "{9439EE15-2360-4006-801B-7207648BFA2C}"
EndProject
Project("{FAE04EC0-301F-11D3-BF4B-00C04F79EFBC}") = "SkeletonGame.ConsoleApp", "Tools\SkeletonGame.Console\SkeletonGame.ConsoleApp.csproj", "{B2E5446B-97F1-40DA-A1E9-47CFFA35874F}"
EndProject
Global
	GlobalSection(SharedMSBuildProjectFiles) = preSolution
		UI\SkeletonGameManager.Shared\SkeletonGameManager.Shared.projitems*{ce1e49c2-ec38-4853-b807-ca94248a1780}*SharedItemsImports = 4
		UI\SkeletonGameManager.Shared\SkeletonGameManager.Shared.projitems*{de4af3b2-14a2-4189-95d7-c5bd6dd54fd6}*SharedItemsImports = 13
	EndGlobalSection
	GlobalSection(SolutionConfigurationPlatforms) = preSolution
		Debug|Any CPU = Debug|Any CPU
		Release|Any CPU = Release|Any CPU
	EndGlobalSection
	GlobalSection(ProjectConfigurationPlatforms) = postSolution
		{99C9E82C-C594-446D-AA59-8FFBC43AD226}.Debug|Any CPU.ActiveCfg = Debug|Any CPU
		{99C9E82C-C594-446D-AA59-8FFBC43AD226}.Debug|Any CPU.Build.0 = Debug|Any CPU
		{99C9E82C-C594-446D-AA59-8FFBC43AD226}.Release|Any CPU.ActiveCfg = Release|Any CPU
		{99C9E82C-C594-446D-AA59-8FFBC43AD226}.Release|Any CPU.Build.0 = Release|Any CPU
		{47F8BAD2-2140-493D-AB7D-E4F99734A69F}.Debug|Any CPU.ActiveCfg = Debug|Any CPU
		{47F8BAD2-2140-493D-AB7D-E4F99734A69F}.Debug|Any CPU.Build.0 = Debug|Any CPU
		{47F8BAD2-2140-493D-AB7D-E4F99734A69F}.Release|Any CPU.ActiveCfg = Release|Any CPU
		{47F8BAD2-2140-493D-AB7D-E4F99734A69F}.Release|Any CPU.Build.0 = Release|Any CPU
		{798CAD91-B4BD-4B70-8B70-436B23CB99BE}.Debug|Any CPU.ActiveCfg = Debug|Any CPU
		{798CAD91-B4BD-4B70-8B70-436B23CB99BE}.Debug|Any CPU.Build.0 = Debug|Any CPU
		{798CAD91-B4BD-4B70-8B70-436B23CB99BE}.Release|Any CPU.ActiveCfg = Release|Any CPU
		{798CAD91-B4BD-4B70-8B70-436B23CB99BE}.Release|Any CPU.Build.0 = Release|Any CPU
		{CF89487C-3166-4F78-BB96-63C93EC42723}.Debug|Any CPU.ActiveCfg = Debug|Any CPU
		{CF89487C-3166-4F78-BB96-63C93EC42723}.Debug|Any CPU.Build.0 = Debug|Any CPU
		{CF89487C-3166-4F78-BB96-63C93EC42723}.Release|Any CPU.ActiveCfg = Release|Any CPU
		{CF89487C-3166-4F78-BB96-63C93EC42723}.Release|Any CPU.Build.0 = Release|Any CPU
		{CE1E49C2-EC38-4853-B807-CA94248A1780}.Debug|Any CPU.ActiveCfg = Debug|Any CPU
		{CE1E49C2-EC38-4853-B807-CA94248A1780}.Debug|Any CPU.Build.0 = Debug|Any CPU
		{CE1E49C2-EC38-4853-B807-CA94248A1780}.Release|Any CPU.ActiveCfg = Release|Any CPU
		{CE1E49C2-EC38-4853-B807-CA94248A1780}.Release|Any CPU.Build.0 = Release|Any CPU
		{5CEC6504-BD25-45D0-830C-A2162F4AAD12}.Debug|Any CPU.ActiveCfg = Debug|Any CPU
		{5CEC6504-BD25-45D0-830C-A2162F4AAD12}.Debug|Any CPU.Build.0 = Debug|Any CPU
		{5CEC6504-BD25-45D0-830C-A2162F4AAD12}.Release|Any CPU.ActiveCfg = Release|Any CPU
		{5CEC6504-BD25-45D0-830C-A2162F4AAD12}.Release|Any CPU.Build.0 = Release|Any CPU
		{744172B5-FA69-4C00-831E-DF4B304A0C92}.Debug|Any CPU.ActiveCfg = Debug|Any CPU
		{744172B5-FA69-4C00-831E-DF4B304A0C92}.Debug|Any CPU.Build.0 = Debug|Any CPU
		{744172B5-FA69-4C00-831E-DF4B304A0C92}.Release|Any CPU.ActiveCfg = Release|Any CPU
		{744172B5-FA69-4C00-831E-DF4B304A0C92}.Release|Any CPU.Build.0 = Release|Any CPU
		{D2D0CEDA-AD0D-4652-99F5-7CF6949FFA87}.Debug|Any CPU.ActiveCfg = Debug|Any CPU
		{D2D0CEDA-AD0D-4652-99F5-7CF6949FFA87}.Debug|Any CPU.Build.0 = Debug|Any CPU
		{D2D0CEDA-AD0D-4652-99F5-7CF6949FFA87}.Release|Any CPU.ActiveCfg = Release|Any CPU
		{D2D0CEDA-AD0D-4652-99F5-7CF6949FFA87}.Release|Any CPU.Build.0 = Release|Any CPU
		{C46A910E-E5C2-4A31-9ED7-4720236DF0F2}.Debug|Any CPU.ActiveCfg = Debug|Any CPU
		{C46A910E-E5C2-4A31-9ED7-4720236DF0F2}.Debug|Any CPU.Build.0 = Debug|Any CPU
		{C46A910E-E5C2-4A31-9ED7-4720236DF0F2}.Release|Any CPU.ActiveCfg = Release|Any CPU
		{C46A910E-E5C2-4A31-9ED7-4720236DF0F2}.Release|Any CPU.Build.0 = Release|Any CPU
		{BE479251-3B5F-4138-A6CD-5C3701C1FE8E}.Debug|Any CPU.ActiveCfg = Debug|Any CPU
		{BE479251-3B5F-4138-A6CD-5C3701C1FE8E}.Debug|Any CPU.Build.0 = Debug|Any CPU
		{BE479251-3B5F-4138-A6CD-5C3701C1FE8E}.Release|Any CPU.ActiveCfg = Release|Any CPU
		{BE479251-3B5F-4138-A6CD-5C3701C1FE8E}.Release|Any CPU.Build.0 = Release|Any CPU
		{0FD93FC7-FA0A-4119-AB3F-0D77218E828B}.Debug|Any CPU.ActiveCfg = Debug|Any CPU
		{0FD93FC7-FA0A-4119-AB3F-0D77218E828B}.Debug|Any CPU.Build.0 = Debug|Any CPU
		{0FD93FC7-FA0A-4119-AB3F-0D77218E828B}.Release|Any CPU.ActiveCfg = Release|Any CPU
		{0FD93FC7-FA0A-4119-AB3F-0D77218E828B}.Release|Any CPU.Build.0 = Release|Any CPU
		{84DF587A-E917-419D-9902-DB61E2D073CD}.Debug|Any CPU.ActiveCfg = Debug|Any CPU
		{84DF587A-E917-419D-9902-DB61E2D073CD}.Debug|Any CPU.Build.0 = Debug|Any CPU
		{84DF587A-E917-419D-9902-DB61E2D073CD}.Release|Any CPU.ActiveCfg = Release|Any CPU
		{84DF587A-E917-419D-9902-DB61E2D073CD}.Release|Any CPU.Build.0 = Release|Any CPU
		{7F3090F9-152D-478E-84BB-BAD4454B0255}.Debug|Any CPU.ActiveCfg = Debug|Any CPU
		{7F3090F9-152D-478E-84BB-BAD4454B0255}.Debug|Any CPU.Build.0 = Debug|Any CPU
		{7F3090F9-152D-478E-84BB-BAD4454B0255}.Release|Any CPU.ActiveCfg = Release|Any CPU
		{7F3090F9-152D-478E-84BB-BAD4454B0255}.Release|Any CPU.Build.0 = Release|Any CPU
		{DE6D7034-570D-4AAF-BDBE-9BB2EF0730BE}.Debug|Any CPU.ActiveCfg = Debug|Any CPU
		{DE6D7034-570D-4AAF-BDBE-9BB2EF0730BE}.Debug|Any CPU.Build.0 = Debug|Any CPU
		{DE6D7034-570D-4AAF-BDBE-9BB2EF0730BE}.Release|Any CPU.ActiveCfg = Release|Any CPU
		{DE6D7034-570D-4AAF-BDBE-9BB2EF0730BE}.Release|Any CPU.Build.0 = Release|Any CPU
		{9439EE15-2360-4006-801B-7207648BFA2C}.Debug|Any CPU.ActiveCfg = Debug|Any CPU
		{9439EE15-2360-4006-801B-7207648BFA2C}.Debug|Any CPU.Build.0 = Debug|Any CPU
		{9439EE15-2360-4006-801B-7207648BFA2C}.Release|Any CPU.ActiveCfg = Release|Any CPU
		{9439EE15-2360-4006-801B-7207648BFA2C}.Release|Any CPU.Build.0 = Release|Any CPU
		{B2E5446B-97F1-40DA-A1E9-47CFFA35874F}.Debug|Any CPU.ActiveCfg = Debug|Any CPU
		{B2E5446B-97F1-40DA-A1E9-47CFFA35874F}.Debug|Any CPU.Build.0 = Debug|Any CPU
		{B2E5446B-97F1-40DA-A1E9-47CFFA35874F}.Release|Any CPU.ActiveCfg = Release|Any CPU
		{B2E5446B-97F1-40DA-A1E9-47CFFA35874F}.Release|Any CPU.Build.0 = Release|Any CPU
	EndGlobalSection
	GlobalSection(SolutionProperties) = preSolution
		HideSolutionNode = FALSE
	EndGlobalSection
	GlobalSection(NestedProjects) = preSolution
		{99C9E82C-C594-446D-AA59-8FFBC43AD226} = {C0262CA2-636D-47CE-8D00-EE53F241C2C4}
		{47F8BAD2-2140-493D-AB7D-E4F99734A69F} = {2DFF1626-0C73-4223-8B73-F89DBE9BD7DB}
		{798CAD91-B4BD-4B70-8B70-436B23CB99BE} = {C0262CA2-636D-47CE-8D00-EE53F241C2C4}
		{CF89487C-3166-4F78-BB96-63C93EC42723} = {D8C31603-4030-4A21-8C95-4AA8760BE8C5}
		{CE1E49C2-EC38-4853-B807-CA94248A1780} = {C0262CA2-636D-47CE-8D00-EE53F241C2C4}
		{5CEC6504-BD25-45D0-830C-A2162F4AAD12} = {C94260DC-5E56-41FB-86DD-AE12DBA2A14D}
		{744172B5-FA69-4C00-831E-DF4B304A0C92} = {C94260DC-5E56-41FB-86DD-AE12DBA2A14D}
		{DE4AF3B2-14A2-4189-95D7-C5BD6DD54FD6} = {C0262CA2-636D-47CE-8D00-EE53F241C2C4}
		{D2D0CEDA-AD0D-4652-99F5-7CF6949FFA87} = {C0262CA2-636D-47CE-8D00-EE53F241C2C4}
		{C46A910E-E5C2-4A31-9ED7-4720236DF0F2} = {C0262CA2-636D-47CE-8D00-EE53F241C2C4}
		{BE479251-3B5F-4138-A6CD-5C3701C1FE8E} = {C0262CA2-636D-47CE-8D00-EE53F241C2C4}
		{0FD93FC7-FA0A-4119-AB3F-0D77218E828B} = {C0262CA2-636D-47CE-8D00-EE53F241C2C4}
		{84DF587A-E917-419D-9902-DB61E2D073CD} = {C0262CA2-636D-47CE-8D00-EE53F241C2C4}
		{7F3090F9-152D-478E-84BB-BAD4454B0255} = {C0262CA2-636D-47CE-8D00-EE53F241C2C4}
		{DE6D7034-570D-4AAF-BDBE-9BB2EF0730BE} = {C0262CA2-636D-47CE-8D00-EE53F241C2C4}
		{9439EE15-2360-4006-801B-7207648BFA2C} = {C0262CA2-636D-47CE-8D00-EE53F241C2C4}
		{B2E5446B-97F1-40DA-A1E9-47CFFA35874F} = {C0262CA2-636D-47CE-8D00-EE53F241C2C4}
	EndGlobalSection
	GlobalSection(ExtensibilityGlobals) = postSolution
		SolutionGuid = {BEB539EF-392F-4249-9853-6420517BBF01}
	EndGlobalSection
EndGlobal
